
Microsoft Visual Studio Solution File, Format Version 12.00
# Visual Studio Version 17
VisualStudioVersion = 17.6.33417.168
MinimumVisualStudioVersion = 10.0.40219.1
Project("{FAE04EC0-301F-11D3-BF4B-00C04F79EFBC}") = "DCA_Query_Logger_CloudBased", "DCA_Query_Logger_CloudBased\DCA_Query_Logger_CloudBased.csproj", "{43E87DA0-8F6F-4BEA-A0CF-7FA98E630CA5}"
EndProject
Global
	GlobalSection(SolutionConfigurationPlatforms) = preSolution
		Debug|Any CPU = Debug|Any CPU
		Release|Any CPU = Release|Any CPU
	EndGlobalSection
	GlobalSection(ProjectConfigurationPlatforms) = postSolution
		{43E87DA0-8F6F-4BEA-A0CF-7FA98E630CA5}.Debug|Any CPU.ActiveCfg = Debug|Any CPU
		{43E87DA0-8F6F-4BEA-A0CF-7FA98E630CA5}.Debug|Any CPU.Build.0 = Debug|Any CPU
		{43E87DA0-8F6F-4BEA-A0CF-7FA98E630CA5}.Release|Any CPU.ActiveCfg = Release|Any CPU
		{43E87DA0-8F6F-4BEA-A0CF-7FA98E630CA5}.Release|Any CPU.Build.0 = Release|Any CPU
	EndGlobalSection
	GlobalSection(SolutionProperties) = preSolution
		HideSolutionNode = FALSE
	EndGlobalSection
	GlobalSection(ExtensibilityGlobals) = postSolution
		SolutionGuid = {702ECCB7-A11F-4EC9-9492-589CE12319A8}
	EndGlobalSection
EndGlobal
